{
  "name": "restful-api",
  "version": "1.0.0",
  "lockfileVersion": 1,
  "requires": true,
  "dependencies": {
    "http": {
      "version": "0.0.0",
      "resolved": "https://registry.npmjs.org/http/-/http-0.0.0.tgz",
      "integrity": "sha1-huYybSnF0Dnen6xYSkVon5KfT3I="
    },
    "mime": {
      "version": "2.4.3",
      "resolved": "https://registry.npmjs.org/mime/-/mime-2.4.3.tgz",
      "integrity": "sha512-QgrPRJfE+riq5TPZMcHZOtm8c6K/yYrMbKIoRfapfiGLxS8OTeIfRhUGW5LU7MlRa52KOAGCfUNruqLrIBvWZw=="
    }
  }
}
